PODS:
  - FBSnapshotTestCase (2.0.7):
    - FBSnapshotTestCase/SwiftSupport (= 2.0.7)
  - FBSnapshotTestCase/Core (2.0.7)
  - FBSnapshotTestCase/SwiftSupport (2.0.7):
    - FBSnapshotTestCase/Core
  - TNKImagePickerController (2.1.0)

DEPENDENCIES:
  - FBSnapshotTestCase
  - TNKImagePickerController (from `../`)

EXTERNAL SOURCES:
  TNKImagePickerController:
    :path: ../

SPEC CHECKSUMS:
  FBSnapshotTestCase: 7e85180d0d141a0cf472352edda7e80d7eaeb547
  TNKImagePickerController: 81b7c0278e195d37a502ee4750c75595dcf82252

COCOAPODS: 0.39.0
