PODS:
  - FBSnapshotTestCase (2.0.7):
    - FBSnapshotTestCase/SwiftSupport (= 2.0.7)
  - FBSnapshotTestCase/Core (2.0.7)
  - FBSnapshotTestCase/SwiftSupport (2.0.7):
    - FBSnapshotTestCase/Core
  - TNKImagePickerController (2.1.0)

DEPENDENCIES:
  - FBSnapshotTestCase
  - TNKImagePickerController (from `../`)

EXTERNAL SOURCES:
  TNKImagePickerController:
    :path: ../

SPEC CHECKSUMS:
  FBSnapshotTestCase: 7e85180d0d141a0cf472352edda7e80d7eaeb547
  TNKImagePickerController: ae0db01819870ea7a3d3eb6c4e1c0fa3e17ca9dd

COCOAPODS: 0.39.0
